// !$*UTF8*$!
{
	archiveVersion = 1;
	classes = {
	};
	objectVersion = 77;
	objects = {

/* Begin PBXContainerItemProxy section */
		8E46FCA42F30339F009164CC /* PBXContainerItemProxy */ = {
			isa = PBXContainerItemProxy;
			containerPortal = 8E46FC852F30339C009164CC /* Project object */;
			proxyType = 1;
			remoteGlobalIDString = 8E46FC8C2F30339C009164CC;
			remoteInfo = InterFaceBuilderBasics;
		};
		8E46FCAE2F30339F009164CC /* PBXContainerItemProxy */ = {
			isa = PBXContainerItemProxy;
			containerPortal = 8E46FC852F30339C009164CC /* Project object */;
			proxyType = 1;
			remoteGlobalIDString = 8E46FC8C2F30339C009164CC;
			remoteInfo = InterFaceBuilderBasics;
		};
/* End PBXContainerItemProxy section */

/* Begin PBXFileReference section */
		8E46FC8D2F30339C009164CC /* InterFaceBuilderBasics.app */ = {isa = PBXFileReference; explicitFileType = wrapper.application; includeInIndex = 0; path = InterFaceBuilderBasics.app; sourceTree = BUILT_PRODUCTS_DIR; };
		8E46FCA32F30339F009164CC /* InterFaceBuilderBasicsTests.xctest */ = {isa = PBXFileReference; explicitFileType = wrapper.cfbundle; includeInIndex = 0; path = InterFaceBuilderBasicsTests.xctest; sourceTree = BUILT_PRODUCTS_DIR; };
		8E46FCAD2F30339F009164CC /* InterFaceBuilderBasicsUITests.xctest */ = {isa = PBXFileReference; explicitFileType = wrapper.cfbundle; includeInIndex = 0; path = InterFaceBuilderBasicsUITests.xctest; sourceTree = BUILT_PRODUCTS_DIR; };
/* End PBXFileReference section */

/* Begin PBXFileSystemSynchronizedBuildFileExceptionSet section */
		8E46FCB52F30339F009164CC /* Exceptions for "InterFaceBuilderBasics" folder in "InterFaceBuilderBasics" target */ = {
			isa = PBXFileSystemSynchronizedBuildFileExceptionSet;
			membershipExceptions = (
				Info.plist,
			);
			target = 8E46FC8C2F30339C009164CC /* InterFaceBuilderBasics */;
		};
/* End PBXFileSystemSynchronizedBuildFileExceptionSet section */

/* Begin PBXFileSystemSynchronizedRootGroup section */
		8E46FC8F2F30339C009164CC /* InterFaceBuilderBasics */ = {
			isa = PBXFileSystemSynchronizedRootGroup;
			exceptions = (
				8E46FCB52F30339F009164CC /* Exceptions for "InterFaceBuilderBasics" folder in "InterFaceBuilderBasics" target */,
			);
			path = InterFaceBuilderBasics;
			sourceTree = "<group>";
		};
		8E46FCA62F30339F009164CC /* InterFaceBuilderBasicsTests */ = {
			isa = PBXFileSystemSynchronizedRootGroup;
			path = InterFaceBuilderBasicsTests;
			sourceTree = "<group>";
		};
		8E46FCB02F30339F009164CC /* InterFaceBuilderBasicsUITests */ = {
			isa = PBXFileSystemSynchronizedRootGroup;
			path = InterFaceBuilderBasicsUITests;
			sourceTree = "<group>";
		};
/* End PBXFileSystemSynchronizedRootGroup section */

/* Begin PBXFrameworksBuildPhase section */
		8E46FC8A2F30339C009164CC /* Frameworks */ = {
			isa = PBXFrameworksBuildPhase;
			buildActionMask = 2147483647;
			files = (
			);
			runOnlyForDeploymentPostprocessing = 0;
		};
		8E46FCA02F30339F009164CC /* Frameworks */ = {
			isa = PBXFrameworksBuildPhase;
			buildActionMask = 2147483647;
			files = (
			);
			runOnlyForDeploymentPostprocessing = 0;
		};
		8E46FCAA2F30339F009164CC /* Frameworks */ = {
			isa = PBXFrameworksBuildPhase;
			buildActionMask = 2147483647;
			files = (
			);
			runOnlyForDeploymentPostprocessing = 0;
		};
/* End PBXFrameworksBuildPhase section */

/* Begin PBXGroup section */
		8E46FC842F30339C009164CC = {
			isa = PBXGroup;
			children = (
				8E46FC8F2F30339C009164CC /* InterFaceBuilderBasics */,
				8E46FCA62F30339F009164CC /* InterFaceBuilderBasicsTests */,
				8E46FCB02F30339F009164CC /* InterFaceBuilderBasicsUITests */,
				8E46FC8E2F30339C009164CC /* Products */,
			);
			sourceTree = "<group>";
		};
		8E46FC8E2F30339C009164CC /* Products */ = {
			isa = PBXGroup;
			children = (
				8E46FC8D2F30339C009164CC /* InterFaceBuilderBasics.app */,
				8E46FCA32F30339F009164CC /* InterFaceBuilderBasicsTests.xctest */,
				8E46FCAD2F30339F009164CC /* InterFaceBuilderBasicsUITests.xctest */,
			);
			name = Products;
			sourceTree = "<group>";
		};
/* End PBXGroup section */

/* Begin PBXNativeTarget section */
		8E46FC8C2F30339C009164CC /* InterFaceBuilderBasics */ = {
			isa = PBXNativeTarget;
			buildConfigurationList = 8E46FCB62F30339F009164CC /* Build configuration list for PBXNativeTarget "InterFaceBuilderBasics" */;
			buildPhases = (
				8E46FC892F30339C009164CC /* Sources */,
				8E46FC8A2F30339C009164CC /* Frameworks */,
				8E46FC8B2F30339C009164CC /* Resources */,
			);
			buildRules = (
			);
			dependencies = (
			);
			fileSystemSynchronizedGroups = (
				8E46FC8F2F30339C009164CC /* InterFaceBuilderBasics */,
			);
			name = InterFaceBuilderBasics;
			packageProductDependencies = (
			);
			productName = InterFaceBuilderBasics;
			productReference = 8E46FC8D2F30339C009164CC /* InterFaceBuilderBasics.app */;
			productType = "com.apple.product-type.application";
		};
		8E46FCA22F30339F009164CC /* InterFaceBuilderBasicsTests */ = {
			isa = PBXNativeTarget;
			buildConfigurationList = 8E46FCBB2F30339F009164CC /* Build configuration list for PBXNativeTarget "InterFaceBuilderBasicsTests" */;
			buildPhases = (
				8E46FC9F2F30339F009164CC /* Sources */,
				8E46FCA02F30339F009164CC /* Frameworks */,
				8E46FCA12F30339F009164CC /* Resources */,
			);
			buildRules = (
			);
			dependencies = (
				8E46FCA52F30339F009164CC /* PBXTargetDependency */,
			);
			fileSystemSynchronizedGroups = (
				8E46FCA62F30339F009164CC /* InterFaceBuilderBasicsTests */,
			);
			name = InterFaceBuilderBasicsTests;
			packageProductDependencies = (
			);
			productName = InterFaceBuilderBasicsTests;
			productReference = 8E46FCA32F30339F009164CC /* InterFaceBuilderBasicsTests.xctest */;
			productType = "com.apple.product-type.bundle.unit-test";
		};
		8E46FCAC2F30339F009164CC /* InterFaceBuilderBasicsUITests */ = {
			isa = PBXNativeTarget;
			buildConfigurationList = 8E46FCBE2F30339F009164CC /* Build configuration list for PBXNativeTarget "InterFaceBuilderBasicsUITests" */;
			buildPhases = (
				8E46FCA92F30339F009164CC /* Sources */,
				8E46FCAA2F30339F009164CC /* Frameworks */,
				8E46FCAB2F30339F009164CC /* Resources */,
			);
			buildRules = (
			);
			dependencies = (
				8E46FCAF2F30339F009164CC /* PBXTargetDependency */,
			);
			fileSystemSynchronizedGroups = (
				8E46FCB02F30339F009164CC /* InterFaceBuilderBasicsUITests */,
			);
			name = InterFaceBuilderBasicsUITests;
			packageProductDependencies = (
			);
			productName = InterFaceBuilderBasicsUITests;
			productReference = 8E46FCAD2F30339F009164CC /* InterFaceBuilderBasicsUITests.xctest */;
			productType = "com.apple.product-type.bundle.ui-testing";
		};
/* End PBXNativeTarget section */

/* Begin PBXProject section */
		8E46FC852F30339C009164CC /* Project object */ = {
			isa = PBXProject;
			attributes = {
				BuildIndependentTargetsInParallel = 1;
				LastSwiftUpdateCheck = 1620;
				LastUpgradeCheck = 1620;
				TargetAttributes = {
					8E46FC8C2F30339C009164CC = {
						CreatedOnToolsVersion = 16.2;
					};
					8E46FCA22F30339F009164CC = {
						CreatedOnToolsVersion = 16.2;
						TestTargetID = 8E46FC8C2F30339C009164CC;
					};
					8E46FCAC2F30339F009164CC = {
						CreatedOnToolsVersion = 16.2;
						TestTargetID = 8E46FC8C2F30339C009164CC;
					};
				};
			};
			buildConfigurationList = 8E46FC882F30339C009164CC /* Build configuration list for PBXProject "InterFaceBuilderBasics" */;
			developmentRegion = en;
			hasScannedForEncodings = 0;
			knownRegions = (
				en,
				Base,
			);
			mainGroup = 8E46FC842F30339C009164CC;
			minimizedProjectReferenceProxies = 1;
			preferredProjectObjectVersion = 77;
			productRefGroup = 8E46FC8E2F30339C009164CC /* Products */;
			projectDirPath = "";
			projectRoot = "";
			targets = (
				8E46FC8C2F30339C009164CC /* InterFaceBuilderBasics */,
				8E46FCA22F30339F009164CC /* InterFaceBuilderBasicsTests */,
				8E46FCAC2F30339F009164CC /* InterFaceBuilderBasicsUITests */,
			);
		};
/* End PBXProject section */

/* Begin PBXResourcesBuildPhase section */
		8E46FC8B2F30339C009164CC /* Resources */ = {
			isa = PBXResourcesBuildPhase;
			buildActionMask = 2147483647;
			files = (
			);
			runOnlyForDeploymentPostprocessing = 0;
		};
		8E46FCA12F30339F009164CC /* Resources */ = {
			isa = PBXResourcesBuildPhase;
			buildActionMask = 2147483647;
			files = (
			);
			runOnlyForDeploymentPostprocessing = 0;
		};
		8E46FCAB2F30339F009164CC /* Resources */ = {
			isa = PBXResourcesBuildPhase;
			buildActionMask = 2147483647;
			files = (
			);
			runOnlyForDeploymentPostprocessing = 0;
		};
/* End PBXResourcesBuildPhase section */

/* Begin PBXSourcesBuildPhase section */
		8E46FC892F30339C009164CC /* Sources */ = {
			isa = PBXSourcesBuildPhase;
			buildActionMask = 2147483647;
			files = (
			);
			runOnlyForDeploymentPostprocessing = 0;
		};
		8E46FC9F2F30339F009164CC /* Sources */ = {
			isa = PBXSourcesBuildPhase;
			buildActionMask = 2147483647;
			files = (
			);
			runOnlyForDeploymentPostprocessing = 0;
		};
		8E46FCA92F30339F009164CC /* Sources */ = {
			isa = PBXSourcesBuildPhase;
			buildActionMask = 2147483647;
			files = (
			);
			runOnlyForDeploymentPostprocessing = 0;
		};
/* End PBXSourcesBuildPhase section */

/* Begin PBXTargetDependency section */
		8E46FCA52F30339F009164CC /* PBXTargetDependency */ = {
			isa = PBXTargetDependency;
			target = 8E46FC8C2F30339C009164CC /* InterFaceBuilderBasics */;
			targetProxy = 8E46FCA42F30339F009164CC /* PBXContainerItemProxy */;
		};
		8E46FCAF2F30339F009164CC /* PBXTargetDependency */ = {
			isa = PBXTargetDependency;
			target = 8E46FC8C2F30339C009164CC /* InterFaceBuilderBasics */;
			targetProxy = 8E46FCAE2F30339F009164CC /* PBXContainerItemProxy */;
		};
/* End PBXTargetDependency section */

/* Begin XCBuildConfiguration section */
		8E46FCB72F30339F009164CC /* Debug */ = {
			isa = XCBuildConfiguration;
			buildSettings = {
				ASSETCATALOG_COMPILER_APPICON_NAME = AppIcon;
				ASSETCATALOG_COMPILER_GLOBAL_ACCENT_COLOR_NAME = AccentColor;
				CODE_SIGN_STYLE = Automatic;
				CURRENT_PROJECT_VERSION = 1;
				GENERATE_INFOPLIST_FILE = YES;
				INFOPLIST_FILE = InterFaceBuilderBasics/Info.plist;
				INFOPLIST_KEY_UIApplicationSupportsIndirectInputEvents = YES;
				INFOPLIST_KEY_UILaunchStoryboardName = LaunchScreen;
				INFOPLIST_KEY_UIMainStoryboardFile = Main;
				INFOPLIST_KEY_UISupportedInterfaceOrientations_iPad = "UIInterfaceOrientationPortrait UIInterfaceOrientationPortraitUpsideDown UIInterfaceOrientationLandscapeLeft UIInterfaceOrientationLandscapeRight";
				INFOPLIST_KEY_UISupportedInterfaceOrientations_iPhone = "UIInterfaceOrientationPortrait UIInterfaceOrientationLandscapeLeft UIInterfaceOrientationLandscapeRight";
				LD_RUNPATH_SEARCH_PATHS = (
					"$(inherited)",
					"@executable_path/Frameworks",
				);
				MARKETING_VERSION = 1.0;
				PRODUCT_BUNDLE_IDENTIFIER = edu.durhamtech.InterFaceBuilderBasics;
				PRODUCT_NAME = "$(TARGET_NAME)";
				SWIFT_EMIT_LOC_STRINGS = YES;
				SWIFT_VERSION = 5.0;
				TARGETED_DEVICE_FAMILY = "1,2";
			};
			name = Debug;
		};
		8E46FCB82F30339F009164CC /* Release */ = {
			isa = XCBuildConfiguration;
			buildSettings = {
				ASSETCATALOG_COMPILER_APPICON_NAME = AppIcon;
				ASSETCATALOG_COMPILER_GLOBAL_ACCENT_COLOR_NAME = AccentColor;
				CODE_SIGN_STYLE = Automatic;
				CURRENT_PROJECT_VERSION = 1;
				GENERATE_INFOPLIST_FILE = YES;
				INFOPLIST_FILE = InterFaceBuilderBasics/Info.plist;
				INFOPLIST_KEY_UIApplicationSupportsIndirectInputEvents = YES;
				INFOPLIST_KEY_UILaunchStoryboardName = LaunchScreen;
				INFOPLIST_KEY_UIMainStoryboardFile = Main;
				INFOPLIST_KEY_UISupportedInterfaceOrientations_iPad = "UIInterfaceOrientationPortrait UIInterfaceOrientationPortraitUpsideDown UIInterfaceOrientationLandscapeLeft UIInterfaceOrientationLandscapeRight";
				INFOPLIST_KEY_UISupportedInterfaceOrientations_iPhone = "UIInterfaceOrientationPortrait UIInterfaceOrientationLandscapeLeft UIInterfaceOrientationLandscapeRight";
				LD_RUNPATH_SEARCH_PATHS = (
					"$(inherited)",
					"@executable_path/Frameworks",
				);
				MARKETING_VERSION = 1.0;
				PRODUCT_BUNDLE_IDENTIFIER = edu.durhamtech.InterFaceBuilderBasics;
				PRODUCT_NAME = "$(TARGET_NAME)";
				SWIFT_EMIT_LOC_STRINGS = YES;
				SWIFT_VERSION = 5.0;
				TARGETED_DEVICE_FAMILY = "1,2";
			};
			name = Release;
		};
		8E46FCB92F30339F009164CC /* Debug */ = {
			isa = XCBuildConfiguration;
			buildSettings = {
				ALWAYS_SEARCH_USER_PATHS = NO;
				ASSETCATALOG_COMPILER_GENERATE_SWIFT_ASSET_SYMBOL_EXTENSIONS = YES;
				CLANG_ANALYZER_NONNULL = YES;
				CLANG_ANALYZER_NUMBER_OBJECT_CONVERSION = YES_AGGRESSIVE;
				CLANG_CXX_LANGUAGE_STANDARD = "gnu++20";
				CLANG_ENABLE_MODULES = YES;
				CLANG_ENABLE_OBJC_ARC = YES;
				CLANG_ENABLE_OBJC_WEAK = YES;
				CLANG_WARN_BLOCK_CAPTURE_AUTORELEASING = YES;
				CLANG_WARN_BOOL_CONVERSION = YES;
				CLANG_WARN_COMMA = YES;
				CLANG_WARN_CONSTANT_CONVERSION = YES;
				CLANG_WARN_DEPRECATED_OBJC_IMPLEMENTATIONS = YES;
				CLANG_WARN_DIRECT_OBJC_ISA_USAGE = YES_ERROR;
				CLANG_WARN_DOCUMENTATION_COMMENTS = YES;
				CLANG_WARN_EMPTY_BODY = YES;
				CLANG_WARN_ENUM_CONVERSION = YES;
				CLANG_WARN_INFINITE_RECURSION = YES;
				CLANG_WARN_INT_CONVERSION = YES;
				CLANG_WARN_NON_LITERAL_NULL_CONVERSION = YES;
				CLANG_WARN_OBJC_IMPLICIT_RETAIN_SELF = YES;
				CLANG_WARN_OBJC_LITERAL_CONVERSION = YES;
				CLANG_WARN_OBJC_ROOT_CLASS = YES_ERROR;
				CLANG_WARN_QUOTED_INCLUDE_IN_FRAMEWORK_HEADER = YES;
				CLANG_WARN_RANGE_LOOP_ANALYSIS = YES;
				CLANG_WARN_STRICT_PROTOTYPES = YES;
				CLANG_WARN_SUSPICIOUS_MOVE = YES;
				CLANG_WARN_UNGUARDED_AVAILABILITY = YES_AGGRESSIVE;
				CLANG_WARN_UNREACHABLE_CODE = YES;
				CLANG_WARN__DUPLICATE_METHOD_MATCH = YES;
				COPY_PHASE_STRIP = NO;
				DEBUG_INFORMATION_FORMAT = dwarf;
				ENABLE_STRICT_OBJC_MSGSEND = YES;
				ENABLE_TESTABILITY = YES;
				ENABLE_USER_SCRIPT_SANDBOXING = YES;
				GCC_C_LANGUAGE_STANDARD = gnu17;
				GCC_DYNAMIC_NO_PIC = NO;
				GCC_NO_COMMON_BLOCKS = YES;
				GCC_OPTIMIZATION_LEVEL = 0;
				GCC_PREPROCESSOR_DEFINITIONS = (
					"DEBUG=1",
					"$(inherited)",
				);
				GCC_WARN_64_TO_32_BIT_CONVERSION = YES;
				GCC_WARN_ABOUT_RETURN_TYPE = YES_ERROR;
				GCC_WARN_UNDECLARED_SELECTOR = YES;
				GCC_WARN_UNINITIALIZED_AUTOS = YES_AGGRESSIVE;
				GCC_WARN_UNUSED_FUNCTION = YES;
				GCC_WARN_UNUSED_VARIABLE = YES;
				IPHONEOS_DEPLOYMENT_TARGET = 18.2;
				LOCALIZATION_PREFERS_STRING_CATALOGS = YES;
				MTL_ENABLE_DEBUG_INFO = INCLUDE_SOURCE;
				MTL_FAST_MATH = YES;
				ONLY_ACTIVE_ARCH = YES;
				SDKROOT = iphoneos;
				SWIFT_ACTIVE_COMPILATION_CONDITIONS = "DEBUG $(inherited)";
				SWIFT_OPTIMIZATION_LEVEL = "-Onone";
			};
			name = Debug;
		};
		8E46FCBA2F30339F009164CC /* Release */ = {
			isa = XCBuildConfiguration;
			buildSettings = {
				ALWAYS_SEARCH_USER_PATHS = NO;
				ASSETCATALOG_COMPILER_GENERATE_SWIFT_ASSET_SYMBOL_EXTENSIONS = YES;
				CLANG_ANALYZER_NONNULL = YES;
				CLANG_ANALYZER_NUMBER_OBJECT_CONVERSION = YES_AGGRESSIVE;
				CLANG_CXX_LANGUAGE_STANDARD = "gnu++20";
				CLANG_ENABLE_MODULES = YES;
				CLANG_ENABLE_OBJC_ARC = YES;
				CLANG_ENABLE_OBJC_WEAK = YES;
				CLANG_WARN_BLOCK_CAPTURE_AUTORELEASING = YES;
				CLANG_WARN_BOOL_CONVERSION = YES;
				CLANG_WARN_COMMA = YES;
				CLANG_WARN_CONSTANT_CONVERSION = YES;
				CLANG_WARN_DEPRECATED_OBJC_IMPLEMENTATIONS = YES;
				CLANG_WARN_DIRECT_OBJC_ISA_USAGE = YES_ERROR;
				CLANG_WARN_DOCUMENTATION_COMMENTS = YES;
				CLANG_WARN_EMPTY_BODY = YES;
				CLANG_WARN_ENUM_CONVERSION = YES;
				CLANG_WARN_INFINITE_RECURSION = YES;
				CLANG_WARN_INT_CONVERSION = YES;
				CLANG_WARN_NON_LITERAL_NULL_CONVERSION = YES;
				CLANG_WARN_OBJC_IMPLICIT_RETAIN_SELF = YES;
				CLANG_WARN_OBJC_LITERAL_CONVERSION = YES;
				CLANG_WARN_OBJC_ROOT_CLASS = YES_ERROR;
				CLANG_WARN_QUOTED_INCLUDE_IN_FRAMEWORK_HEADER = YES;
				CLANG_WARN_RANGE_LOOP_ANALYSIS = YES;
				CLANG_WARN_STRICT_PROTOTYPES = YES;
				CLANG_WARN_SUSPICIOUS_MOVE = YES;
				CLANG_WARN_UNGUARDED_AVAILABILITY = YES_AGGRESSIVE;
				CLANG_WARN_UNREACHABLE_CODE = YES;
				CLANG_WARN__DUPLICATE_METHOD_MATCH = YES;
				COPY_PHASE_STRIP = NO;
				DEBUG_INFORMATION_FORMAT = "dwarf-with-dsym";
				ENABLE_NS_ASSERTIONS = NO;
				ENABLE_STRICT_OBJC_MSGSEND = YES;
				ENABLE_USER_SCRIPT_SANDBOXING = YES;
				GCC_C_LANGUAGE_STANDARD = gnu17;
				GCC_NO_COMMON_BLOCKS = YES;
				GCC_WARN_64_TO_32_BIT_CONVERSION = YES;
				GCC_WARN_ABOUT_RETURN_TYPE = YES_ERROR;
				GCC_WARN_UNDECLARED_SELECTOR = YES;
				GCC_WARN_UNINITIALIZED_AUTOS = YES_AGGRESSIVE;
				GCC_WARN_UNUSED_FUNCTION = YES;
				GCC_WARN_UNUSED_VARIABLE = YES;
				IPHONEOS_DEPLOYMENT_TARGET = 18.2;
				LOCALIZATION_PREFERS_STRING_CATALOGS = YES;
				MTL_ENABLE_DEBUG_INFO = NO;
				MTL_FAST_MATH = YES;
				SDKROOT = iphoneos;
				SWIFT_COMPILATION_MODE = wholemodule;
				VALIDATE_PRODUCT = YES;
			};
			name = Release;
		};
		8E46FCBC2F30339F009164CC /* Debug */ = {
			isa = XCBuildConfiguration;
			buildSettings = {
				BUNDLE_LOADER = "$(TEST_HOST)";
				CODE_SIGN_STYLE = Automatic;
				CURRENT_PROJECT_VERSION = 1;
				GENERATE_INFOPLIST_FILE = YES;
				IPHONEOS_DEPLOYMENT_TARGET = 18.2;
				MARKETING_VERSION = 1.0;
				PRODUCT_BUNDLE_IDENTIFIER = edu.durhamtech.InterFaceBuilderBasicsTests;
				PRODUCT_NAME = "$(TARGET_NAME)";
				SWIFT_EMIT_LOC_STRINGS = NO;
				SWIFT_VERSION = 5.0;
				TARGETED_DEVICE_FAMILY = "1,2";
				TEST_HOST = "$(BUILT_PRODUCTS_DIR)/InterFaceBuilderBasics.app/$(BUNDLE_EXECUTABLE_FOLDER_PATH)/InterFaceBuilderBasics";
			};
			name = Debug;
		};
		8E46FCBD2F30339F009164CC /* Release */ = {
			isa = XCBuildConfiguration;
			buildSettings = {
				BUNDLE_LOADER = "$(TEST_HOST)";
				CODE_SIGN_STYLE = Automatic;
				CURRENT_PROJECT_VERSION = 1;
				GENERATE_INFOPLIST_FILE = YES;
				IPHONEOS_DEPLOYMENT_TARGET = 18.2;
				MARKETING_VERSION = 1.0;
				PRODUCT_BUNDLE_IDENTIFIER = edu.durhamtech.InterFaceBuilderBasicsTests;
				PRODUCT_NAME = "$(TARGET_NAME)";
				SWIFT_EMIT_LOC_STRINGS = NO;
				SWIFT_VERSION = 5.0;
				TARGETED_DEVICE_FAMILY = "1,2";
				TEST_HOST = "$(BUILT_PRODUCTS_DIR)/InterFaceBuilderBasics.app/$(BUNDLE_EXECUTABLE_FOLDER_PATH)/InterFaceBuilderBasics";
			};
			name = Release;
		};
		8E46FCBF2F30339F009164CC /* Debug */ = {
			isa = XCBuildConfiguration;
			buildSettings = {
				CODE_SIGN_STYLE = Automatic;
				CURRENT_PROJECT_VERSION = 1;
				GENERATE_INFOPLIST_FILE = YES;
				MARKETING_VERSION = 1.0;
				PRODUCT_BUNDLE_IDENTIFIER = edu.durhamtech.InterFaceBuilderBasicsUITests;
				PRODUCT_NAME = "$(TARGET_NAME)";
				SWIFT_EMIT_LOC_STRINGS = NO;
				SWIFT_VERSION = 5.0;
				TARGETED_DEVICE_FAMILY = "1,2";
				TEST_TARGET_NAME = InterFaceBuilderBasics;
			};
			name = Debug;
		};
		8E46FCC02F30339F009164CC /* Release */ = {
			isa = XCBuildConfiguration;
			buildSettings = {
				CODE_SIGN_STYLE = Automatic;
				CURRENT_PROJECT_VERSION = 1;
				GENERATE_INFOPLIST_FILE = YES;
				MARKETING_VERSION = 1.0;
				PRODUCT_BUNDLE_IDENTIFIER = edu.durhamtech.InterFaceBuilderBasicsUITests;
				PRODUCT_NAME = "$(TARGET_NAME)";
				SWIFT_EMIT_LOC_STRINGS = NO;
				SWIFT_VERSION = 5.0;
				TARGETED_DEVICE_FAMILY = "1,2";
				TEST_TARGET_NAME = InterFaceBuilderBasics;
			};
			name = Release;
		};
/* End XCBuildConfiguration section */

/* Begin XCConfigurationList section */
		8E46FC882F30339C009164CC /* Build configuration list for PBXProject "InterFaceBuilderBasics" */ = {
			isa = XCConfigurationList;
			buildConfigurations = (
				8E46FCB92F30339F009164CC /* Debug */,
				8E46FCBA2F30339F009164CC /* Release */,
			);
			defaultConfigurationIsVisible = 0;
			defaultConfigurationName = Release;
		};
		8E46FCB62F30339F009164CC /* Build configuration list for PBXNativeTarget "InterFaceBuilderBasics" */ = {
			isa = XCConfigurationList;
			buildConfigurations = (
				8E46FCB72F30339F009164CC /* Debug */,
				8E46FCB82F30339F009164CC /* Release */,
			);
			defaultConfigurationIsVisible = 0;
			defaultConfigurationName = Release;
		};
		8E46FCBB2F30339F009164CC /* Build configuration list for PBXNativeTarget "InterFaceBuilderBasicsTests" */ = {
			isa = XCConfigurationList;
			buildConfigurations = (
				8E46FCBC2F30339F009164CC /* Debug */,
				8E46FCBD2F30339F009164CC /* Release */,
			);
			defaultConfigurationIsVisible = 0;
			defaultConfigurationName = Release;
		};
		8E46FCBE2F30339F009164CC /* Build configuration list for PBXNativeTarget "InterFaceBuilderBasicsUITests" */ = {
			isa = XCConfigurationList;
			buildConfigurations = (
				8E46FCBF2F30339F009164CC /* Debug */,
				8E46FCC02F30339F009164CC /* Release */,
			);
			defaultConfigurationIsVisible = 0;
			defaultConfigurationName = Release;
		};
/* End XCConfigurationList section */
	};
	rootObject = 8E46FC852F30339C009164CC /* Project object */;
}
